
Microsoft Visual Studio Solution File, Format Version 12.00
# Visual Studio 15
VisualStudioVersion = 15.0.27130.2036
MinimumVisualStudioVersion = 10.0.40219.1
Project("{9A19103F-16F7-4668-BE54-9A1E7A4F7556}") = "DecTech", "DecTech\DecTech.csproj", "{CCC78C49-3E4D-4438-AF40-78D5A18775EE}"
EndProject
Project("{FAE04EC0-301F-11D3-BF4B-00C04F79EFBC}") = "DecTech.Tests", "DecTech.Tests\DecTech.Tests.csproj", "{39437A48-07AD-4509-8DFE-22130236559D}"
EndProject
Global
	GlobalSection(SolutionConfigurationPlatforms) = preSolution
		Debug|Any CPU = Debug|Any CPU
		Release|Any CPU = Release|Any CPU
	EndGlobalSection
	GlobalSection(ProjectConfigurationPlatforms) = postSolution
		{CCC78C49-3E4D-4438-AF40-78D5A18775EE}.Debug|Any CPU.ActiveCfg = Debug|Any CPU
		{CCC78C49-3E4D-4438-AF40-78D5A18775EE}.Debug|Any CPU.Build.0 = Debug|Any CPU
		{CCC78C49-3E4D-4438-AF40-78D5A18775EE}.Release|Any CPU.ActiveCfg = Release|Any CPU
		{CCC78C49-3E4D-4438-AF40-78D5A18775EE}.Release|Any CPU.Build.0 = Release|Any CPU
		{39437A48-07AD-4509-8DFE-22130236559D}.Debug|Any CPU.ActiveCfg = Debug|Any CPU
		{39437A48-07AD-4509-8DFE-22130236559D}.Debug|Any CPU.Build.0 = Debug|Any CPU
		{39437A48-07AD-4509-8DFE-22130236559D}.Release|Any CPU.ActiveCfg = Release|Any CPU
		{39437A48-07AD-4509-8DFE-22130236559D}.Release|Any CPU.Build.0 = Release|Any CPU
	EndGlobalSection
	GlobalSection(SolutionProperties) = preSolution
		HideSolutionNode = FALSE
	EndGlobalSection
	GlobalSection(ExtensibilityGlobals) = postSolution
		SolutionGuid = {254CE7F1-C848-4C96-91E6-AB09694B704C}
	EndGlobalSection
EndGlobal
